
Microsoft Visual Studio Solution File, Format Version 12.00
# Visual Studio Version 17
VisualStudioVersion = 17.2.32616.157
MinimumVisualStudioVersion = 10.0.40219.1
Project("{FAE04EC0-301F-11D3-BF4B-00C04F79EFBC}") = "simple-calculator", "simple-calculator\simple-calculator.csproj", "{49E3B312-896D-433D-81E3-3395141F0BA0}"
EndProject
Global
	GlobalSection(SolutionConfigurationPlatforms) = preSolution
		Debug|Any CPU = Debug|Any CPU
		Release|Any CPU = Release|Any CPU
	EndGlobalSection
	GlobalSection(ProjectConfigurationPlatforms) = postSolution
		{49E3B312-896D-433D-81E3-3395141F0BA0}.Debug|Any CPU.ActiveCfg = Debug|Any CPU
		{49E3B312-896D-433D-81E3-3395141F0BA0}.Debug|Any CPU.Build.0 = Debug|Any CPU
		{49E3B312-896D-433D-81E3-3395141F0BA0}.Release|Any CPU.ActiveCfg = Release|Any CPU
		{49E3B312-896D-433D-81E3-3395141F0BA0}.Release|Any CPU.Build.0 = Release|Any CPU
	EndGlobalSection
	GlobalSection(SolutionProperties) = preSolution
		HideSolutionNode = FALSE
	EndGlobalSection
	GlobalSection(ExtensibilityGlobals) = postSolution
		SolutionGuid = {E4125730-95A6-47B6-B888-8458180ACC12}
	EndGlobalSection
EndGlobal
